
Microsoft Visual Studio Solution File, Format Version 12.00
# Visual Studio Version 16
VisualStudioVersion = 16.0.30011.22
MinimumVisualStudioVersion = 10.0.40219.1
Project("{FAE04EC0-301F-11D3-BF4B-00C04F79EFBC}") = "Proyecto_SENA", "Proyecto_SENA\Proyecto_SENA.csproj", "{1F615CC7-5E08-4D32-A7E4-C90FB3B94724}"
EndProject
Global
	GlobalSection(SolutionConfigurationPlatforms) = preSolution
		Debug|Any CPU = Debug|Any CPU
		Release|Any CPU = Release|Any CPU
	EndGlobalSection
	GlobalSection(ProjectConfigurationPlatforms) = postSolution
		{1F615CC7-5E08-4D32-A7E4-C90FB3B94724}.Debug|Any CPU.ActiveCfg = Debug|Any CPU
		{1F615CC7-5E08-4D32-A7E4-C90FB3B94724}.Debug|Any CPU.Build.0 = Debug|Any CPU
		{1F615CC7-5E08-4D32-A7E4-C90FB3B94724}.Release|Any CPU.ActiveCfg = Release|Any CPU
		{1F615CC7-5E08-4D32-A7E4-C90FB3B94724}.Release|Any CPU.Build.0 = Release|Any CPU
	EndGlobalSection
	GlobalSection(SolutionProperties) = preSolution
		HideSolutionNode = FALSE
	EndGlobalSection
	GlobalSection(ExtensibilityGlobals) = postSolution
		SolutionGuid = {DFEC6DB4-C577-4815-B2DD-53EFD8B5E8BF}
	EndGlobalSection
EndGlobal
